
Microsoft Visual Studio Solution File, Format Version 12.00
# Visual Studio 15
VisualStudioVersion = 15.0.27130.2036
MinimumVisualStudioVersion = 10.0.40219.1
Project("{FAE04EC0-301F-11D3-BF4B-00C04F79EFBC}") = "Common.DataLayer", "Common.DataLayer\Common.DataLayer.csproj", "{C4A605C1-8B4B-4767-9F08-9C8B54F2C175}"
EndProject
Project("{2150E333-8FDC-42A3-9474-1A3956D46DE8}") = "Common", "Common", "{FE3652D4-B776-4352-993A-ACE4CD84FE9F}"
EndProject
Project("{FAE04EC0-301F-11D3-BF4B-00C04F79EFBC}") = "Common.Entities", "Common.Entities\Common.Entities.csproj", "{86FEA030-D483-47CD-AD6D-7F90E2C92AC9}"
EndProject
Project("{FAE04EC0-301F-11D3-BF4B-00C04F79EFBC}") = "Common.Domain", "Common.Domain\Common.Domain.csproj", "{5F94A0F1-6031-4A81-81AB-8E97BC6A3091}"
EndProject
Project("{FAE04EC0-301F-11D3-BF4B-00C04F79EFBC}") = "Common.TP.Service", "Common.TP.Service\Common.TP.Service.csproj", "{CDED606E-1EA1-4FE3-A18D-62DC61C8C464}"
EndProject
Project("{FAE04EC0-301F-11D3-BF4B-00C04F79EFBC}") = "Common.SymmetricEncryption", "Common.SymmetricEncryption\Common.SymmetricEncryption.csproj", "{8FC4703C-86FB-4331-A992-31C5C2D71985}"
EndProject
Global
	GlobalSection(SolutionConfigurationPlatforms) = preSolution
		Debug|Any CPU = Debug|Any CPU
		Release|Any CPU = Release|Any CPU
	EndGlobalSection
	GlobalSection(ProjectConfigurationPlatforms) = postSolution
		{C4A605C1-8B4B-4767-9F08-9C8B54F2C175}.Debug|Any CPU.ActiveCfg = Debug|Any CPU
		{C4A605C1-8B4B-4767-9F08-9C8B54F2C175}.Debug|Any CPU.Build.0 = Debug|Any CPU
		{C4A605C1-8B4B-4767-9F08-9C8B54F2C175}.Release|Any CPU.ActiveCfg = Release|Any CPU
		{C4A605C1-8B4B-4767-9F08-9C8B54F2C175}.Release|Any CPU.Build.0 = Release|Any CPU
		{86FEA030-D483-47CD-AD6D-7F90E2C92AC9}.Debug|Any CPU.ActiveCfg = Debug|Any CPU
		{86FEA030-D483-47CD-AD6D-7F90E2C92AC9}.Debug|Any CPU.Build.0 = Debug|Any CPU
		{86FEA030-D483-47CD-AD6D-7F90E2C92AC9}.Release|Any CPU.ActiveCfg = Release|Any CPU
		{86FEA030-D483-47CD-AD6D-7F90E2C92AC9}.Release|Any CPU.Build.0 = Release|Any CPU
		{5F94A0F1-6031-4A81-81AB-8E97BC6A3091}.Debug|Any CPU.ActiveCfg = Debug|Any CPU
		{5F94A0F1-6031-4A81-81AB-8E97BC6A3091}.Debug|Any CPU.Build.0 = Debug|Any CPU
		{5F94A0F1-6031-4A81-81AB-8E97BC6A3091}.Release|Any CPU.ActiveCfg = Release|Any CPU
		{5F94A0F1-6031-4A81-81AB-8E97BC6A3091}.Release|Any CPU.Build.0 = Release|Any CPU
		{CDED606E-1EA1-4FE3-A18D-62DC61C8C464}.Debug|Any CPU.ActiveCfg = Debug|Any CPU
		{CDED606E-1EA1-4FE3-A18D-62DC61C8C464}.Debug|Any CPU.Build.0 = Debug|Any CPU
		{CDED606E-1EA1-4FE3-A18D-62DC61C8C464}.Release|Any CPU.ActiveCfg = Release|Any CPU
		{CDED606E-1EA1-4FE3-A18D-62DC61C8C464}.Release|Any CPU.Build.0 = Release|Any CPU
		{8FC4703C-86FB-4331-A992-31C5C2D71985}.Debug|Any CPU.ActiveCfg = Debug|Any CPU
		{8FC4703C-86FB-4331-A992-31C5C2D71985}.Debug|Any CPU.Build.0 = Debug|Any CPU
		{8FC4703C-86FB-4331-A992-31C5C2D71985}.Release|Any CPU.ActiveCfg = Release|Any CPU
		{8FC4703C-86FB-4331-A992-31C5C2D71985}.Release|Any CPU.Build.0 = Release|Any CPU
	EndGlobalSection
	GlobalSection(SolutionProperties) = preSolution
		HideSolutionNode = FALSE
	EndGlobalSection
	GlobalSection(NestedProjects) = preSolution
		{C4A605C1-8B4B-4767-9F08-9C8B54F2C175} = {FE3652D4-B776-4352-993A-ACE4CD84FE9F}
		{86FEA030-D483-47CD-AD6D-7F90E2C92AC9} = {FE3652D4-B776-4352-993A-ACE4CD84FE9F}
		{5F94A0F1-6031-4A81-81AB-8E97BC6A3091} = {FE3652D4-B776-4352-993A-ACE4CD84FE9F}
		{CDED606E-1EA1-4FE3-A18D-62DC61C8C464} = {FE3652D4-B776-4352-993A-ACE4CD84FE9F}
		{8FC4703C-86FB-4331-A992-31C5C2D71985} = {FE3652D4-B776-4352-993A-ACE4CD84FE9F}
	EndGlobalSection
	GlobalSection(ExtensibilityGlobals) = postSolution
		SolutionGuid = {F5346DDA-BEA0-4490-91C6-05CCBB264107}
	EndGlobalSection
EndGlobal
